// !$*UTF8*$!
{
	archiveVersion = 1;
	classes = {
	};
	objectVersion = 77;
	objects = {

/* Begin PBXBuildFile section */
		0AE9B13E625F5B5E6DFE52D5 /* OverlayImageView.swift in Sources */ = {isa = PBXBuildFile; fileRef = 96E2C426876D5B448313373C /* OverlayImageView.swift */; };
		11616E6610C3447B92F94250 /* MapOverlayViewModel.swift in Sources */ = {isa = PBXBuildFile; fileRef = 767AA3F00F34CFDFDB9404AE /* MapOverlayViewModel.swift */; };
		11C970B81BD8BA7781EBD26C /* GoogleAuthService.swift in Sources */ = {isa = PBXBuildFile; fileRef = 3D1B305FD627879B95BF0315 /* GoogleAuthService.swift */; };
		124CAD8DC479977B104DC6B4 /* GoogleMapView.swift in Sources */ = {isa = PBXBuildFile; fileRef = 727D623CE3169099D6250A26 /* GoogleMapView.swift */; };
		2139B40BBA20BFE12F6F91F9 /* Assets.xcassets in Resources */ = {isa = PBXBuildFile; fileRef = 5E86CA8EE550908825F6D80F /* Assets.xcassets */; };
		24ABE1D20B0461A4963FE8D9 /* OverlayStore.swift in Sources */ = {isa = PBXBuildFile; fileRef = 9F2FE27D86DCE5DB7B02BA09 /* OverlayStore.swift */; };
		4A79C12C5390D6F9F1F9D988 /* SettingsView.swift in Sources */ = {isa = PBXBuildFile; fileRef = 81ACA6D7FA606B2D3D501CB6 /* SettingsView.swift */; };
		56C8BD16F693986182A1E54A /* GoogleMaps in Frameworks */ = {isa = PBXBuildFile; productRef = 383CE95DDBB983D45D729C09 /* GoogleMaps */; };
		57BAF4E873FB572249A5598F /* BoundaryService.swift in Sources */ = {isa = PBXBuildFile; fileRef = 6E268EA7807D75A05B813788 /* BoundaryService.swift */; };
		5F7183A890F8FE2C477502FB /* ContentView.swift in Sources */ = {isa = PBXBuildFile; fileRef = A4DAAB1A3DAE3C6467EEA446 /* ContentView.swift */; };
		6EBA14C5A5FA55EA830E4724 /* FreeTransformOverlayView.swift in Sources */ = {isa = PBXBuildFile; fileRef = 437C5835FADF39C0039DAF0E /* FreeTransformOverlayView.swift */; };
		71D881E6F8E17136E1718D1C /* SavedOverlay.swift in Sources */ = {isa = PBXBuildFile; fileRef = FE1568FE63DD3B7DA6CF833C /* SavedOverlay.swift */; };
		72FC6CF21B1DEE7F539874BE /* PlaceSearchView.swift in Sources */ = {isa = PBXBuildFile; fileRef = 059798B211A81E21D69ECEF6 /* PlaceSearchView.swift */; };
		9344FF5082DC473921B663C3 /* PinStore.swift in Sources */ = {isa = PBXBuildFile; fileRef = B43E093F238C823E54E0CB2E /* PinStore.swift */; };
		981FEE71B7A491029F6126D1 /* FreeTransformService.swift in Sources */ = {isa = PBXBuildFile; fileRef = 1CD51355FD229B8D0C2C4FB1 /* FreeTransformService.swift */; };
		988027038B46EB4EB5D9CD60 /* Config.swift in Sources */ = {isa = PBXBuildFile; fileRef = 999A0CF5C5E820EAFD90B174 /* Config.swift */; };
		A50EBAEBE721EAD64F87E6CF /* ImagePicker.swift in Sources */ = {isa = PBXBuildFile; fileRef = 2668D4E3BD9B32C461886BD6 /* ImagePicker.swift */; };
		A7E44B167D3723A757F4F4E7 /* SavedOverlaysView.swift in Sources */ = {isa = PBXBuildFile; fileRef = 2D81F71BD1163D951771B3E1 /* SavedOverlaysView.swift */; };
		ADB0BDE751EC393841AE77C4 /* SavedPin.swift in Sources */ = {isa = PBXBuildFile; fileRef = F71EC15B07CF1566231BC214 /* SavedPin.swift */; };
		B7D7C4A6B2F5B88884D80562 /* SignInView.swift in Sources */ = {isa = PBXBuildFile; fileRef = AB374600FC48C10D46FF52E7 /* SignInView.swift */; };
		BE33370A6DD20170D90DEAC2 /* GoogleSignInSwift in Frameworks */ = {isa = PBXBuildFile; productRef = 91C4BA1EB1F5B85FCD8A79C0 /* GoogleSignInSwift */; };
		D5A683C407FA60135CB6936E /* GoogleSignIn in Frameworks */ = {isa = PBXBuildFile; productRef = B86331A6AF7CB3D0C22EA560 /* GoogleSignIn */; };
		E02EF61707A5B4A162A3ADDD /* ControlPanelView.swift in Sources */ = {isa = PBXBuildFile; fileRef = AFD335EA85EF90BBF6EBAE30 /* ControlPanelView.swift */; };
		F54CAF107ED1F27171C75FA0 /* SavedPinsView.swift in Sources */ = {isa = PBXBuildFile; fileRef = 4FD60C7D48529C2F547E37D1 /* SavedPinsView.swift */; };
		FDAEB4F9758D5499B606F23D /* MapOverlayApp.swift in Sources */ = {isa = PBXBuildFile; fileRef = 7B3415B467E1C838D518D0AC /* MapOverlayApp.swift */; };
		C1A2B3D4E5F6071829304152 /* GeocodingService.swift in Sources */ = {isa = PBXBuildFile; fileRef = A1B2C3D4E5F60718293A4B5C /* GeocodingService.swift */; };
/* End PBXBuildFile section */

/* Begin PBXFileReference section */
		059798B211A81E21D69ECEF6 /* PlaceSearchView.swift */ = {isa = PBXFileReference; lastKnownFileType = sourcecode.swift; path = PlaceSearchView.swift; sourceTree = "<group>"; };
		1CD51355FD229B8D0C2C4FB1 /* FreeTransformService.swift */ = {isa = PBXFileReference; lastKnownFileType = sourcecode.swift; path = FreeTransformService.swift; sourceTree = "<group>"; };
		2668D4E3BD9B32C461886BD6 /* ImagePicker.swift */ = {isa = PBXFileReference; lastKnownFileType = sourcecode.swift; path = ImagePicker.swift; sourceTree = "<group>"; };
		2D81F71BD1163D951771B3E1 /* SavedOverlaysView.swift */ = {isa = PBXFileReference; lastKnownFileType = sourcecode.swift; path = SavedOverlaysView.swift; sourceTree = "<group>"; };
		3D1B305FD627879B95BF0315 /* GoogleAuthService.swift */ = {isa = PBXFileReference; lastKnownFileType = sourcecode.swift; path = GoogleAuthService.swift; sourceTree = "<group>"; };
		A1B2C3D4E5F60718293A4B5C /* GeocodingService.swift */ = {isa = PBXFileReference; lastKnownFileType = sourcecode.swift; path = GeocodingService.swift; sourceTree = "<group>"; };
		437C5835FADF39C0039DAF0E /* FreeTransformOverlayView.swift */ = {isa = PBXFileReference; lastKnownFileType = sourcecode.swift; path = FreeTransformOverlayView.swift; sourceTree = "<group>"; };
		4FD60C7D48529C2F547E37D1 /* SavedPinsView.swift */ = {isa = PBXFileReference; lastKnownFileType = sourcecode.swift; path = SavedPinsView.swift; sourceTree = "<group>"; };
		5E86CA8EE550908825F6D80F /* Assets.xcassets */ = {isa = PBXFileReference; lastKnownFileType = folder.assetcatalog; path = Assets.xcassets; sourceTree = "<group>"; };
		6E268EA7807D75A05B813788 /* BoundaryService.swift */ = {isa = PBXFileReference; lastKnownFileType = sourcecode.swift; path = BoundaryService.swift; sourceTree = "<group>"; };
		727D623CE3169099D6250A26 /* GoogleMapView.swift */ = {isa = PBXFileReference; lastKnownFileType = sourcecode.swift; path = GoogleMapView.swift; sourceTree = "<group>"; };
		767AA3F00F34CFDFDB9404AE /* MapOverlayViewModel.swift */ = {isa = PBXFileReference; lastKnownFileType = sourcecode.swift; path = MapOverlayViewModel.swift; sourceTree = "<group>"; };
		7B3415B467E1C838D518D0AC /* MapOverlayApp.swift */ = {isa = PBXFileReference; lastKnownFileType = sourcecode.swift; path = MapOverlayApp.swift; sourceTree = "<group>"; };
		81ACA6D7FA606B2D3D501CB6 /* SettingsView.swift */ = {isa = PBXFileReference; lastKnownFileType = sourcecode.swift; path = SettingsView.swift; sourceTree = "<group>"; };
		96E2C426876D5B448313373C /* OverlayImageView.swift */ = {isa = PBXFileReference; lastKnownFileType = sourcecode.swift; path = OverlayImageView.swift; sourceTree = "<group>"; };
		999A0CF5C5E820EAFD90B174 /* Config.swift */ = {isa = PBXFileReference; lastKnownFileType = sourcecode.swift; path = Config.swift; sourceTree = "<group>"; };
		9F2FE27D86DCE5DB7B02BA09 /* OverlayStore.swift */ = {isa = PBXFileReference; lastKnownFileType = sourcecode.swift; path = OverlayStore.swift; sourceTree = "<group>"; };
		A4DAAB1A3DAE3C6467EEA446 /* ContentView.swift */ = {isa = PBXFileReference; lastKnownFileType = sourcecode.swift; path = ContentView.swift; sourceTree = "<group>"; };
		AB374600FC48C10D46FF52E7 /* SignInView.swift */ = {isa = PBXFileReference; lastKnownFileType = sourcecode.swift; path = SignInView.swift; sourceTree = "<group>"; };
		AFD335EA85EF90BBF6EBAE30 /* ControlPanelView.swift */ = {isa = PBXFileReference; lastKnownFileType = sourcecode.swift; path = ControlPanelView.swift; sourceTree = "<group>"; };
		B43E093F238C823E54E0CB2E /* PinStore.swift */ = {isa = PBXFileReference; lastKnownFileType = sourcecode.swift; path = PinStore.swift; sourceTree = "<group>"; };
		EA04D0DB70FD98294B81F669 /* MapOverlay.app */ = {isa = PBXFileReference; includeInIndex = 0; lastKnownFileType = wrapper.application; path = MapOverlay.app; sourceTree = BUILT_PRODUCTS_DIR; };
		F6B9461CC1CC6E80CFC6169F /* Info.plist */ = {isa = PBXFileReference; lastKnownFileType = text.plist; path = Info.plist; sourceTree = "<group>"; };
		F71EC15B07CF1566231BC214 /* SavedPin.swift */ = {isa = PBXFileReference; lastKnownFileType = sourcecode.swift; path = SavedPin.swift; sourceTree = "<group>"; };
		FE1568FE63DD3B7DA6CF833C /* SavedOverlay.swift */ = {isa = PBXFileReference; lastKnownFileType = sourcecode.swift; path = SavedOverlay.swift; sourceTree = "<group>"; };
/* End PBXFileReference section */

/* Begin PBXFrameworksBuildPhase section */
		465C8CC4FB11EF36AE6C2FD8 /* Frameworks */ = {
			isa = PBXFrameworksBuildPhase;
			buildActionMask = 2147483647;
			files = (
				56C8BD16F693986182A1E54A /* GoogleMaps in Frameworks */,
				D5A683C407FA60135CB6936E /* GoogleSignIn in Frameworks */,
				BE33370A6DD20170D90DEAC2 /* GoogleSignInSwift in Frameworks */,
			);
			runOnlyForDeploymentPostprocessing = 0;
		};
/* End PBXFrameworksBuildPhase section */

/* Begin PBXGroup section */
		014625D37356076975D0799E /* Resources */ = {
			isa = PBXGroup;
			children = (
				5E86CA8EE550908825F6D80F /* Assets.xcassets */,
				F6B9461CC1CC6E80CFC6169F /* Info.plist */,
			);
			path = Resources;
			sourceTree = "<group>";
		};
		2093FD0CD9B62325365ED2A8 = {
			isa = PBXGroup;
			children = (
				5215534E7CA23671E2FBF8CC /* MapOverlay */,
				F7247DDE3792CD2430B84844 /* Products */,
			);
			sourceTree = "<group>";
		};
		5215534E7CA23671E2FBF8CC /* MapOverlay */ = {
			isa = PBXGroup;
			children = (
				999A0CF5C5E820EAFD90B174 /* Config.swift */,
				7B3415B467E1C838D518D0AC /* MapOverlayApp.swift */,
				8EE2BD3D782D9E83C984411A /* Models */,
				014625D37356076975D0799E /* Resources */,
				E305ABF5BC20487C507BC074 /* Services */,
				BBD67E22834217B745E9AE58 /* ViewModels */,
				CA2B9ED456D34BF4DF39E287 /* Views */,
			);
			path = MapOverlay;
			sourceTree = "<group>";
		};
		8EE2BD3D782D9E83C984411A /* Models */ = {
			isa = PBXGroup;
			children = (
				FE1568FE63DD3B7DA6CF833C /* SavedOverlay.swift */,
				F71EC15B07CF1566231BC214 /* SavedPin.swift */,
			);
			path = Models;
			sourceTree = "<group>";
		};
		BBD67E22834217B745E9AE58 /* ViewModels */ = {
			isa = PBXGroup;
			children = (
				767AA3F00F34CFDFDB9404AE /* MapOverlayViewModel.swift */,
			);
			path = ViewModels;
			sourceTree = "<group>";
		};
		CA2B9ED456D34BF4DF39E287 /* Views */ = {
			isa = PBXGroup;
			children = (
				A4DAAB1A3DAE3C6467EEA446 /* ContentView.swift */,
				AFD335EA85EF90BBF6EBAE30 /* ControlPanelView.swift */,
				437C5835FADF39C0039DAF0E /* FreeTransformOverlayView.swift */,
				727D623CE3169099D6250A26 /* GoogleMapView.swift */,
				2668D4E3BD9B32C461886BD6 /* ImagePicker.swift */,
				96E2C426876D5B448313373C /* OverlayImageView.swift */,
				059798B211A81E21D69ECEF6 /* PlaceSearchView.swift */,
				2D81F71BD1163D951771B3E1 /* SavedOverlaysView.swift */,
				4FD60C7D48529C2F547E37D1 /* SavedPinsView.swift */,
				81ACA6D7FA606B2D3D501CB6 /* SettingsView.swift */,
				AB374600FC48C10D46FF52E7 /* SignInView.swift */,
			);
			path = Views;
			sourceTree = "<group>";
		};
		E305ABF5BC20487C507BC074 /* Services */ = {
			isa = PBXGroup;
			children = (
				6E268EA7807D75A05B813788 /* BoundaryService.swift */,
				1CD51355FD229B8D0C2C4FB1 /* FreeTransformService.swift */,
				A1B2C3D4E5F60718293A4B5C /* GeocodingService.swift */,
				3D1B305FD627879B95BF0315 /* GoogleAuthService.swift */,
				9F2FE27D86DCE5DB7B02BA09 /* OverlayStore.swift */,
				B43E093F238C823E54E0CB2E /* PinStore.swift */,
			);
			path = Services;
			sourceTree = "<group>";
		};
		F7247DDE3792CD2430B84844 /* Products */ = {
			isa = PBXGroup;
			children = (
				EA04D0DB70FD98294B81F669 /* MapOverlay.app */,
			);
			name = Products;
			sourceTree = "<group>";
		};
/* End PBXGroup section */

/* Begin PBXNativeTarget section */
		EED5923EBC9E614B6CAC70CD /* MapOverlay */ = {
			isa = PBXNativeTarget;
			buildConfigurationList = 5262D894C9CED45A55D72AD2 /* Build configuration list for PBXNativeTarget "MapOverlay" */;
			buildPhases = (
				6030D6B285939FAD5B974D50 /* Sources */,
				EDEB1D05C20DF2AC03524734 /* Resources */,
				465C8CC4FB11EF36AE6C2FD8 /* Frameworks */,
			);
			buildRules = (
			);
			dependencies = (
			);
			name = MapOverlay;
			packageProductDependencies = (
				383CE95DDBB983D45D729C09 /* GoogleMaps */,
				B86331A6AF7CB3D0C22EA560 /* GoogleSignIn */,
				91C4BA1EB1F5B85FCD8A79C0 /* GoogleSignInSwift */,
			);
			productName = MapOverlay;
			productReference = EA04D0DB70FD98294B81F669 /* MapOverlay.app */;
			productType = "com.apple.product-type.application";
		};
/* End PBXNativeTarget section */

/* Begin PBXProject section */
		DA407A1318C00C9DF3635149 /* Project object */ = {
			isa = PBXProject;
			attributes = {
				BuildIndependentTargetsInParallel = YES;
				LastUpgradeCheck = 1430;
				TargetAttributes = {
					EED5923EBC9E614B6CAC70CD = {
						DevelopmentTeam = "";
					};
				};
			};
			buildConfigurationList = 59E75767AA4FA99BBD1D3D0B /* Build configuration list for PBXProject "MapOverlay" */;
			compatibilityVersion = "Xcode 14.0";
			developmentRegion = en;
			hasScannedForEncodings = 0;
			knownRegions = (
				Base,
				en,
			);
			mainGroup = 2093FD0CD9B62325365ED2A8;
			minimizedProjectReferenceProxies = 1;
			packageReferences = (
				506AE8DD50EDD0EF71A3E6A9 /* XCRemoteSwiftPackageReference "ios-maps-sdk" */,
				2539E639C036E09FA4C8BA96 /* XCRemoteSwiftPackageReference "GoogleSignIn-iOS" */,
			);
			preferredProjectObjectVersion = 77;
			projectDirPath = "";
			projectRoot = "";
			targets = (
				EED5923EBC9E614B6CAC70CD /* MapOverlay */,
			);
		};
/* End PBXProject section */

/* Begin PBXResourcesBuildPhase section */
		EDEB1D05C20DF2AC03524734 /* Resources */ = {
			isa = PBXResourcesBuildPhase;
			buildActionMask = 2147483647;
			files = (
				2139B40BBA20BFE12F6F91F9 /* Assets.xcassets in Resources */,
			);
			runOnlyForDeploymentPostprocessing = 0;
		};
/* End PBXResourcesBuildPhase section */

/* Begin PBXSourcesBuildPhase section */
		6030D6B285939FAD5B974D50 /* Sources */ = {
			isa = PBXSourcesBuildPhase;
			buildActionMask = 2147483647;
			files = (
				57BAF4E873FB572249A5598F /* BoundaryService.swift in Sources */,
				988027038B46EB4EB5D9CD60 /* Config.swift in Sources */,
				5F7183A890F8FE2C477502FB /* ContentView.swift in Sources */,
				E02EF61707A5B4A162A3ADDD /* ControlPanelView.swift in Sources */,
				6EBA14C5A5FA55EA830E4724 /* FreeTransformOverlayView.swift in Sources */,
				981FEE71B7A491029F6126D1 /* FreeTransformService.swift in Sources */,
				C1A2B3D4E5F6071829304152 /* GeocodingService.swift in Sources */,
				11C970B81BD8BA7781EBD26C /* GoogleAuthService.swift in Sources */,
				124CAD8DC479977B104DC6B4 /* GoogleMapView.swift in Sources */,
				A50EBAEBE721EAD64F87E6CF /* ImagePicker.swift in Sources */,
				FDAEB4F9758D5499B606F23D /* MapOverlayApp.swift in Sources */,
				11616E6610C3447B92F94250 /* MapOverlayViewModel.swift in Sources */,
				0AE9B13E625F5B5E6DFE52D5 /* OverlayImageView.swift in Sources */,
				24ABE1D20B0461A4963FE8D9 /* OverlayStore.swift in Sources */,
				9344FF5082DC473921B663C3 /* PinStore.swift in Sources */,
				72FC6CF21B1DEE7F539874BE /* PlaceSearchView.swift in Sources */,
				71D881E6F8E17136E1718D1C /* SavedOverlay.swift in Sources */,
				A7E44B167D3723A757F4F4E7 /* SavedOverlaysView.swift in Sources */,
				ADB0BDE751EC393841AE77C4 /* SavedPin.swift in Sources */,
				F54CAF107ED1F27171C75FA0 /* SavedPinsView.swift in Sources */,
				4A79C12C5390D6F9F1F9D988 /* SettingsView.swift in Sources */,
				B7D7C4A6B2F5B88884D80562 /* SignInView.swift in Sources */,
			);
			runOnlyForDeploymentPostprocessing = 0;
		};
/* End PBXSourcesBuildPhase section */

/* Begin XCBuildConfiguration section */
		695A4906EE911CC4FD4C3AE7 /* Debug */ = {
			isa = XCBuildConfiguration;
			buildSettings = {
				ASSETCATALOG_COMPILER_APPICON_NAME = AppIcon;
				CODE_SIGN_IDENTITY = "iPhone Developer";
				CURRENT_PROJECT_VERSION = 1;
				DEVELOPMENT_TEAM = "";
				INFOPLIST_FILE = MapOverlay/Resources/Info.plist;
				LD_RUNPATH_SEARCH_PATHS = (
					"$(inherited)",
					"@executable_path/Frameworks",
				);
				MARKETING_VERSION = 1.0.0;
				PRODUCT_BUNDLE_IDENTIFIER = com.qinbang.MapOverlay;
				SDKROOT = iphoneos;
				SWIFT_VERSION = 5.9;
				TARGETED_DEVICE_FAMILY = "1,2";
			};
			name = Debug;
		};
		7813A060816251254727C7F0 /* Release */ = {
			isa = XCBuildConfiguration;
			buildSettings = {
				ALWAYS_SEARCH_USER_PATHS = NO;
				CLANG_ANALYZER_NONNULL = YES;
				CLANG_ANALYZER_NUMBER_OBJECT_CONVERSION = YES_AGGRESSIVE;
				CLANG_CXX_LANGUAGE_STANDARD = "gnu++14";
				CLANG_CXX_LIBRARY = "libc++";
				CLANG_ENABLE_MODULES = YES;
				CLANG_ENABLE_OBJC_ARC = YES;
				CLANG_ENABLE_OBJC_WEAK = YES;
				CLANG_WARN_BLOCK_CAPTURE_AUTORELEASING = YES;
				CLANG_WARN_BOOL_CONVERSION = YES;
				CLANG_WARN_COMMA = YES;
				CLANG_WARN_CONSTANT_CONVERSION = YES;
				CLANG_WARN_DEPRECATED_OBJC_IMPLEMENTATIONS = YES;
				CLANG_WARN_DIRECT_OBJC_ISA_USAGE = YES_ERROR;
				CLANG_WARN_DOCUMENTATION_COMMENTS = YES;
				CLANG_WARN_EMPTY_BODY = YES;
				CLANG_WARN_ENUM_CONVERSION = YES;
				CLANG_WARN_INFINITE_RECURSION = YES;
				CLANG_WARN_INT_CONVERSION = YES;
				CLANG_WARN_NON_LITERAL_NULL_CONVERSION = YES;
				CLANG_WARN_OBJC_IMPLICIT_RETAIN_SELF = YES;
				CLANG_WARN_OBJC_LITERAL_CONVERSION = YES;
				CLANG_WARN_OBJC_ROOT_CLASS = YES_ERROR;
				CLANG_WARN_QUOTED_INCLUDE_IN_FRAMEWORK_HEADER = YES;
				CLANG_WARN_RANGE_LOOP_ANALYSIS = YES;
				CLANG_WARN_STRICT_PROTOTYPES = YES;
				CLANG_WARN_SUSPICIOUS_MOVE = YES;
				CLANG_WARN_UNGUARDED_AVAILABILITY = YES_AGGRESSIVE;
				CLANG_WARN_UNREACHABLE_CODE = YES;
				CLANG_WARN__DUPLICATE_METHOD_MATCH = YES;
				COPY_PHASE_STRIP = NO;
				DEBUG_INFORMATION_FORMAT = "dwarf-with-dsym";
				ENABLE_NS_ASSERTIONS = NO;
				ENABLE_STRICT_OBJC_MSGSEND = YES;
				GCC_C_LANGUAGE_STANDARD = gnu11;
				GCC_NO_COMMON_BLOCKS = YES;
				GCC_WARN_64_TO_32_BIT_CONVERSION = YES;
				GCC_WARN_ABOUT_RETURN_TYPE = YES_ERROR;
				GCC_WARN_UNDECLARED_SELECTOR = YES;
				GCC_WARN_UNINITIALIZED_AUTOS = YES_AGGRESSIVE;
				GCC_WARN_UNUSED_FUNCTION = YES;
				GCC_WARN_UNUSED_VARIABLE = YES;
				IPHONEOS_DEPLOYMENT_TARGET = 17.0;
				MTL_ENABLE_DEBUG_INFO = NO;
				MTL_FAST_MATH = YES;
				PRODUCT_NAME = "$(TARGET_NAME)";
				SDKROOT = iphoneos;
				SWIFT_COMPILATION_MODE = wholemodule;
				SWIFT_OPTIMIZATION_LEVEL = "-O";
				SWIFT_VERSION = 5.0;
			};
			name = Release;
		};
		B1CBD32B52DF7105F3062EC4 /* Debug */ = {
			isa = XCBuildConfiguration;
			buildSettings = {
				ALWAYS_SEARCH_USER_PATHS = NO;
				CLANG_ANALYZER_NONNULL = YES;
				CLANG_ANALYZER_NUMBER_OBJECT_CONVERSION = YES_AGGRESSIVE;
				CLANG_CXX_LANGUAGE_STANDARD = "gnu++14";
				CLANG_CXX_LIBRARY = "libc++";
				CLANG_ENABLE_MODULES = YES;
				CLANG_ENABLE_OBJC_ARC = YES;
				CLANG_ENABLE_OBJC_WEAK = YES;
				CLANG_WARN_BLOCK_CAPTURE_AUTORELEASING = YES;
				CLANG_WARN_BOOL_CONVERSION = YES;
				CLANG_WARN_COMMA = YES;
				CLANG_WARN_CONSTANT_CONVERSION = YES;
				CLANG_WARN_DEPRECATED_OBJC_IMPLEMENTATIONS = YES;
				CLANG_WARN_DIRECT_OBJC_ISA_USAGE = YES_ERROR;
				CLANG_WARN_DOCUMENTATION_COMMENTS = YES;
				CLANG_WARN_EMPTY_BODY = YES;
				CLANG_WARN_ENUM_CONVERSION = YES;
				CLANG_WARN_INFINITE_RECURSION = YES;
				CLANG_WARN_INT_CONVERSION = YES;
				CLANG_WARN_NON_LITERAL_NULL_CONVERSION = YES;
				CLANG_WARN_OBJC_IMPLICIT_RETAIN_SELF = YES;
				CLANG_WARN_OBJC_LITERAL_CONVERSION = YES;
				CLANG_WARN_OBJC_ROOT_CLASS = YES_ERROR;
				CLANG_WARN_QUOTED_INCLUDE_IN_FRAMEWORK_HEADER = YES;
				CLANG_WARN_RANGE_LOOP_ANALYSIS = YES;
				CLANG_WARN_STRICT_PROTOTYPES = YES;
				CLANG_WARN_SUSPICIOUS_MOVE = YES;
				CLANG_WARN_UNGUARDED_AVAILABILITY = YES_AGGRESSIVE;
				CLANG_WARN_UNREACHABLE_CODE = YES;
				CLANG_WARN__DUPLICATE_METHOD_MATCH = YES;
				COPY_PHASE_STRIP = NO;
				DEBUG_INFORMATION_FORMAT = dwarf;
				ENABLE_STRICT_OBJC_MSGSEND = YES;
				ENABLE_TESTABILITY = YES;
				GCC_C_LANGUAGE_STANDARD = gnu11;
				GCC_DYNAMIC_NO_PIC = NO;
				GCC_NO_COMMON_BLOCKS = YES;
				GCC_OPTIMIZATION_LEVEL = 0;
				GCC_PREPROCESSOR_DEFINITIONS = (
					"$(inherited)",
					"DEBUG=1",
				);
				GCC_WARN_64_TO_32_BIT_CONVERSION = YES;
				GCC_WARN_ABOUT_RETURN_TYPE = YES_ERROR;
				GCC_WARN_UNDECLARED_SELECTOR = YES;
				GCC_WARN_UNINITIALIZED_AUTOS = YES_AGGRESSIVE;
				GCC_WARN_UNUSED_FUNCTION = YES;
				GCC_WARN_UNUSED_VARIABLE = YES;
				IPHONEOS_DEPLOYMENT_TARGET = 17.0;
				MTL_ENABLE_DEBUG_INFO = INCLUDE_SOURCE;
				MTL_FAST_MATH = YES;
				ONLY_ACTIVE_ARCH = YES;
				PRODUCT_NAME = "$(TARGET_NAME)";
				SDKROOT = iphoneos;
				SWIFT_ACTIVE_COMPILATION_CONDITIONS = DEBUG;
				SWIFT_OPTIMIZATION_LEVEL = "-Onone";
				SWIFT_VERSION = 5.0;
			};
			name = Debug;
		};
		B4B80AB71E2D3A3B401D94C1 /* Release */ = {
			isa = XCBuildConfiguration;
			buildSettings = {
				ASSETCATALOG_COMPILER_APPICON_NAME = AppIcon;
				CODE_SIGN_IDENTITY = "iPhone Developer";
				CURRENT_PROJECT_VERSION = 1;
				DEVELOPMENT_TEAM = "";
				INFOPLIST_FILE = MapOverlay/Resources/Info.plist;
				LD_RUNPATH_SEARCH_PATHS = (
					"$(inherited)",
					"@executable_path/Frameworks",
				);
				MARKETING_VERSION = 1.0.0;
				PRODUCT_BUNDLE_IDENTIFIER = com.qinbang.MapOverlay;
				SDKROOT = iphoneos;
				SWIFT_VERSION = 5.9;
				TARGETED_DEVICE_FAMILY = "1,2";
			};
			name = Release;
		};
/* End XCBuildConfiguration section */

/* Begin XCConfigurationList section */
		5262D894C9CED45A55D72AD2 /* Build configuration list for PBXNativeTarget "MapOverlay" */ = {
			isa = XCConfigurationList;
			buildConfigurations = (
				695A4906EE911CC4FD4C3AE7 /* Debug */,
				B4B80AB71E2D3A3B401D94C1 /* Release */,
			);
			defaultConfigurationIsVisible = 0;
			defaultConfigurationName = Debug;
		};
		59E75767AA4FA99BBD1D3D0B /* Build configuration list for PBXProject "MapOverlay" */ = {
			isa = XCConfigurationList;
			buildConfigurations = (
				B1CBD32B52DF7105F3062EC4 /* Debug */,
				7813A060816251254727C7F0 /* Release */,
			);
			defaultConfigurationIsVisible = 0;
			defaultConfigurationName = Debug;
		};
/* End XCConfigurationList section */

/* Begin XCRemoteSwiftPackageReference section */
		2539E639C036E09FA4C8BA96 /* XCRemoteSwiftPackageReference "GoogleSignIn-iOS" */ = {
			isa = XCRemoteSwiftPackageReference;
			repositoryURL = "https://github.com/google/GoogleSignIn-iOS";
			requirement = {
				kind = upToNextMajorVersion;
				minimumVersion = 8.0.0;
			};
		};
		506AE8DD50EDD0EF71A3E6A9 /* XCRemoteSwiftPackageReference "ios-maps-sdk" */ = {
			isa = XCRemoteSwiftPackageReference;
			repositoryURL = "https://github.com/googlemaps/ios-maps-sdk";
			requirement = {
				kind = upToNextMajorVersion;
				minimumVersion = 10.0.0;
			};
		};
/* End XCRemoteSwiftPackageReference section */

/* Begin XCSwiftPackageProductDependency section */
		383CE95DDBB983D45D729C09 /* GoogleMaps */ = {
			isa = XCSwiftPackageProductDependency;
			package = 506AE8DD50EDD0EF71A3E6A9 /* XCRemoteSwiftPackageReference "ios-maps-sdk" */;
			productName = GoogleMaps;
		};
		91C4BA1EB1F5B85FCD8A79C0 /* GoogleSignInSwift */ = {
			isa = XCSwiftPackageProductDependency;
			package = 2539E639C036E09FA4C8BA96 /* XCRemoteSwiftPackageReference "GoogleSignIn-iOS" */;
			productName = GoogleSignInSwift;
		};
		B86331A6AF7CB3D0C22EA560 /* GoogleSignIn */ = {
			isa = XCSwiftPackageProductDependency;
			package = 2539E639C036E09FA4C8BA96 /* XCRemoteSwiftPackageReference "GoogleSignIn-iOS" */;
			productName = GoogleSignIn;
		};
/* End XCSwiftPackageProductDependency section */
	};
	rootObject = DA407A1318C00C9DF3635149 /* Project object */;
}
